
Microsoft Visual Studio Solution File, Format Version 12.00
# Visual Studio Version 17
VisualStudioVersion = 17.10.35013.160
MinimumVisualStudioVersion = 10.0.40219.1
Project("{FAE04EC0-301F-11D3-BF4B-00C04F79EFBC}") = "TodoAPI", "TodoAPI.csproj", "{C1B17B5F-6074-427A-8DEC-1E28C61DBA9E}"
EndProject
Global
	GlobalSection(SolutionConfigurationPlatforms) = preSolution
		Debug|Any CPU = Debug|Any CPU
		Release|Any CPU = Release|Any CPU
	EndGlobalSection
	GlobalSection(ProjectConfigurationPlatforms) = postSolution
		{C1B17B5F-6074-427A-8DEC-1E28C61DBA9E}.Debug|Any CPU.ActiveCfg = Debug|Any CPU
		{C1B17B5F-6074-427A-8DEC-1E28C61DBA9E}.Debug|Any CPU.Build.0 = Debug|Any CPU
		{C1B17B5F-6074-427A-8DEC-1E28C61DBA9E}.Release|Any CPU.ActiveCfg = Release|Any CPU
		{C1B17B5F-6074-427A-8DEC-1E28C61DBA9E}.Release|Any CPU.Build.0 = Release|Any CPU
	EndGlobalSection
	GlobalSection(SolutionProperties) = preSolution
		HideSolutionNode = FALSE
	EndGlobalSection
	GlobalSection(ExtensibilityGlobals) = postSolution
		SolutionGuid = {DCCB680D-9626-47EF-BD49-390879F14EC8}
	EndGlobalSection
EndGlobal
